// !$*UTF8*$!
{
	archiveVersion = 1;
	classes = {
	};
	objectVersion = 55;
	objects = {

/* Begin PBXBuildFile section */
		FA1795B228F81B2E0095C695 /* CarFactory.swift in Sources */ = {isa = PBXBuildFile; fileRef = FA1795B128F81B2E0095C695 /* CarFactory.swift */; };
		FA84C13A28F95C3A00ECF268 /* Washer.swift in Sources */ = {isa = PBXBuildFile; fileRef = FA84C13928F95C3A00ECF268 /* Washer.swift */; };
		FA84C13C28F95E0D00ECF268 /* Accountant.swift in Sources */ = {isa = PBXBuildFile; fileRef = FA84C13B28F95E0D00ECF268 /* Accountant.swift */; };
		FA84C13E28F95E7000ECF268 /* Director.swift in Sources */ = {isa = PBXBuildFile; fileRef = FA84C13D28F95E7000ECF268 /* Director.swift */; };
		FA84C14028F96BCB00ECF268 /* CarWash.swift in Sources */ = {isa = PBXBuildFile; fileRef = FA84C13F28F96BCB00ECF268 /* CarWash.swift */; };
		FA84C14228F96BFC00ECF268 /* Administration.swift in Sources */ = {isa = PBXBuildFile; fileRef = FA84C14128F96BFC00ECF268 /* Administration.swift */; };
		FAEAF21E28E209DE0087C7B2 /* AppDelegate.swift in Sources */ = {isa = PBXBuildFile; fileRef = FAEAF21D28E209DE0087C7B2 /* AppDelegate.swift */; };
		FAEAF22028E209DE0087C7B2 /* SceneDelegate.swift in Sources */ = {isa = PBXBuildFile; fileRef = FAEAF21F28E209DE0087C7B2 /* SceneDelegate.swift */; };
		FAEAF22228E209DE0087C7B2 /* ViewController.swift in Sources */ = {isa = PBXBuildFile; fileRef = FAEAF22128E209DE0087C7B2 /* ViewController.swift */; };
		FAEAF22528E209DE0087C7B2 /* Main.storyboard in Resources */ = {isa = PBXBuildFile; fileRef = FAEAF22328E209DE0087C7B2 /* Main.storyboard */; };
		FAEAF22728E209E30087C7B2 /* Assets.xcassets in Resources */ = {isa = PBXBuildFile; fileRef = FAEAF22628E209E30087C7B2 /* Assets.xcassets */; };
		FAEAF22A28E209E30087C7B2 /* LaunchScreen.storyboard in Resources */ = {isa = PBXBuildFile; fileRef = FAEAF22828E209E30087C7B2 /* LaunchScreen.storyboard */; };
		FAEAF23328E20CF50087C7B2 /* BuildingProtocols.swift in Sources */ = {isa = PBXBuildFile; fileRef = FAEAF23228E20CF50087C7B2 /* BuildingProtocols.swift */; };
		FAEAF23728E2151C0087C7B2 /* Worker.swift in Sources */ = {isa = PBXBuildFile; fileRef = FAEAF23628E2151C0087C7B2 /* Worker.swift */; };
		FAEAF23928E215270087C7B2 /* Car.swift in Sources */ = {isa = PBXBuildFile; fileRef = FAEAF23828E215270087C7B2 /* Car.swift */; };
/* End PBXBuildFile section */

/* Begin PBXFileReference section */
		FA1795B128F81B2E0095C695 /* CarFactory.swift */ = {isa = PBXFileReference; lastKnownFileType = sourcecode.swift; path = CarFactory.swift; sourceTree = "<group>"; };
		FA84C13928F95C3A00ECF268 /* Washer.swift */ = {isa = PBXFileReference; lastKnownFileType = sourcecode.swift; path = Washer.swift; sourceTree = "<group>"; };
		FA84C13B28F95E0D00ECF268 /* Accountant.swift */ = {isa = PBXFileReference; lastKnownFileType = sourcecode.swift; path = Accountant.swift; sourceTree = "<group>"; };
		FA84C13D28F95E7000ECF268 /* Director.swift */ = {isa = PBXFileReference; lastKnownFileType = sourcecode.swift; path = Director.swift; sourceTree = "<group>"; };
		FA84C13F28F96BCB00ECF268 /* CarWash.swift */ = {isa = PBXFileReference; lastKnownFileType = sourcecode.swift; path = CarWash.swift; sourceTree = "<group>"; };
		FA84C14128F96BFC00ECF268 /* Administration.swift */ = {isa = PBXFileReference; lastKnownFileType = sourcecode.swift; path = Administration.swift; sourceTree = "<group>"; };
		FAEAF21A28E209DE0087C7B2 /* CarWash.app */ = {isa = PBXFileReference; explicitFileType = wrapper.application; includeInIndex = 0; path = CarWash.app; sourceTree = BUILT_PRODUCTS_DIR; };
		FAEAF21D28E209DE0087C7B2 /* AppDelegate.swift */ = {isa = PBXFileReference; lastKnownFileType = sourcecode.swift; path = AppDelegate.swift; sourceTree = "<group>"; };
		FAEAF21F28E209DE0087C7B2 /* SceneDelegate.swift */ = {isa = PBXFileReference; lastKnownFileType = sourcecode.swift; path = SceneDelegate.swift; sourceTree = "<group>"; };
		FAEAF22128E209DE0087C7B2 /* ViewController.swift */ = {isa = PBXFileReference; lastKnownFileType = sourcecode.swift; path = ViewController.swift; sourceTree = "<group>"; };
		FAEAF22428E209DE0087C7B2 /* Base */ = {isa = PBXFileReference; lastKnownFileType = file.storyboard; name = Base; path = Base.lproj/Main.storyboard; sourceTree = "<group>"; };
		FAEAF22628E209E30087C7B2 /* Assets.xcassets */ = {isa = PBXFileReference; lastKnownFileType = folder.assetcatalog; path = Assets.xcassets; sourceTree = "<group>"; };
		FAEAF22928E209E30087C7B2 /* Base */ = {isa = PBXFileReference; lastKnownFileType = file.storyboard; name = Base; path = Base.lproj/LaunchScreen.storyboard; sourceTree = "<group>"; };
		FAEAF22B28E209E30087C7B2 /* Info.plist */ = {isa = PBXFileReference; lastKnownFileType = text.plist.xml; path = Info.plist; sourceTree = "<group>"; };
		FAEAF23228E20CF50087C7B2 /* BuildingProtocols.swift */ = {isa = PBXFileReference; lastKnownFileType = sourcecode.swift; path = BuildingProtocols.swift; sourceTree = "<group>"; };
		FAEAF23628E2151C0087C7B2 /* Worker.swift */ = {isa = PBXFileReference; lastKnownFileType = sourcecode.swift; path = Worker.swift; sourceTree = "<group>"; };
		FAEAF23828E215270087C7B2 /* Car.swift */ = {isa = PBXFileReference; lastKnownFileType = sourcecode.swift; path = Car.swift; sourceTree = "<group>"; };
/* End PBXFileReference section */

/* Begin PBXFrameworksBuildPhase section */
		FAEAF21728E209DE0087C7B2 /* Frameworks */ = {
			isa = PBXFrameworksBuildPhase;
			buildActionMask = 2147483647;
			files = (
			);
			runOnlyForDeploymentPostprocessing = 0;
		};
/* End PBXFrameworksBuildPhase section */

/* Begin PBXGroup section */
		FA84C14328F96C5300ECF268 /* Buildings */ = {
			isa = PBXGroup;
			children = (
				FAEAF23228E20CF50087C7B2 /* BuildingProtocols.swift */,
				FA84C13F28F96BCB00ECF268 /* CarWash.swift */,
				FA84C14128F96BFC00ECF268 /* Administration.swift */,
			);
			path = Buildings;
			sourceTree = "<group>";
		};
		FA84C14428F96C7100ECF268 /* Workers */ = {
			isa = PBXGroup;
			children = (
				FAEAF23628E2151C0087C7B2 /* Worker.swift */,
				FA84C13928F95C3A00ECF268 /* Washer.swift */,
				FA84C13B28F95E0D00ECF268 /* Accountant.swift */,
				FA84C13D28F95E7000ECF268 /* Director.swift */,
			);
			path = Workers;
			sourceTree = "<group>";
		};
		FAEAF21128E209DE0087C7B2 = {
			isa = PBXGroup;
			children = (
				FAEAF21C28E209DE0087C7B2 /* CarWash */,
				FAEAF21B28E209DE0087C7B2 /* Products */,
			);
			sourceTree = "<group>";
		};
		FAEAF21B28E209DE0087C7B2 /* Products */ = {
			isa = PBXGroup;
			children = (
				FAEAF21A28E209DE0087C7B2 /* CarWash.app */,
			);
			name = Products;
			sourceTree = "<group>";
		};
		FAEAF21C28E209DE0087C7B2 /* CarWash */ = {
			isa = PBXGroup;
			children = (
				FAEAF23128E20C9D0087C7B2 /* Models */,
				FAEAF21D28E209DE0087C7B2 /* AppDelegate.swift */,
				FAEAF21F28E209DE0087C7B2 /* SceneDelegate.swift */,
				FAEAF22128E209DE0087C7B2 /* ViewController.swift */,
				FAEAF22328E209DE0087C7B2 /* Main.storyboard */,
				FAEAF22628E209E30087C7B2 /* Assets.xcassets */,
				FAEAF22828E209E30087C7B2 /* LaunchScreen.storyboard */,
				FAEAF22B28E209E30087C7B2 /* Info.plist */,
				FA1795B128F81B2E0095C695 /* CarFactory.swift */,
			);
			path = CarWash;
			sourceTree = "<group>";
		};
		FAEAF23128E20C9D0087C7B2 /* Models */ = {
			isa = PBXGroup;
			children = (
				FA84C14328F96C5300ECF268 /* Buildings */,
				FA84C14428F96C7100ECF268 /* Workers */,
				FAEAF23828E215270087C7B2 /* Car.swift */,
			);
			path = Models;
			sourceTree = "<group>";
		};
/* End PBXGroup section */

/* Begin PBXNativeTarget section */
		FAEAF21928E209DE0087C7B2 /* CarWash */ = {
			isa = PBXNativeTarget;
			buildConfigurationList = FAEAF22E28E209E30087C7B2 /* Build configuration list for PBXNativeTarget "CarWash" */;
			buildPhases = (
				FAEAF21628E209DE0087C7B2 /* Sources */,
				FAEAF21728E209DE0087C7B2 /* Frameworks */,
				FAEAF21828E209DE0087C7B2 /* Resources */,
			);
			buildRules = (
			);
			dependencies = (
			);
			name = CarWash;
			productName = CarWash;
			productReference = FAEAF21A28E209DE0087C7B2 /* CarWash.app */;
			productType = "com.apple.product-type.application";
		};
/* End PBXNativeTarget section */

/* Begin PBXProject section */
		FAEAF21228E209DE0087C7B2 /* Project object */ = {
			isa = PBXProject;
			attributes = {
				BuildIndependentTargetsInParallel = 1;
				LastSwiftUpdateCheck = 1330;
				LastUpgradeCheck = 1330;
				TargetAttributes = {
					FAEAF21928E209DE0087C7B2 = {
						CreatedOnToolsVersion = 13.3;
					};
				};
			};
			buildConfigurationList = FAEAF21528E209DE0087C7B2 /* Build configuration list for PBXProject "CarWash" */;
			compatibilityVersion = "Xcode 13.0";
			developmentRegion = en;
			hasScannedForEncodings = 0;
			knownRegions = (
				en,
				Base,
			);
			mainGroup = FAEAF21128E209DE0087C7B2;
			productRefGroup = FAEAF21B28E209DE0087C7B2 /* Products */;
			projectDirPath = "";
			projectRoot = "";
			targets = (
				FAEAF21928E209DE0087C7B2 /* CarWash */,
			);
		};
/* End PBXProject section */

/* Begin PBXResourcesBuildPhase section */
		FAEAF21828E209DE0087C7B2 /* Resources */ = {
			isa = PBXResourcesBuildPhase;
			buildActionMask = 2147483647;
			files = (
				FAEAF22A28E209E30087C7B2 /* LaunchScreen.storyboard in Resources */,
				FAEAF22728E209E30087C7B2 /* Assets.xcassets in Resources */,
				FAEAF22528E209DE0087C7B2 /* Main.storyboard in Resources */,
			);
			runOnlyForDeploymentPostprocessing = 0;
		};
/* End PBXResourcesBuildPhase section */

/* Begin PBXSourcesBuildPhase section */
		FAEAF21628E209DE0087C7B2 /* Sources */ = {
			isa = PBXSourcesBuildPhase;
			buildActionMask = 2147483647;
			files = (
				FAEAF22228E209DE0087C7B2 /* ViewController.swift in Sources */,
				FA84C13A28F95C3A00ECF268 /* Washer.swift in Sources */,
				FAEAF23328E20CF50087C7B2 /* BuildingProtocols.swift in Sources */,
				FA84C14028F96BCB00ECF268 /* CarWash.swift in Sources */,
				FAEAF21E28E209DE0087C7B2 /* AppDelegate.swift in Sources */,
				FA1795B228F81B2E0095C695 /* CarFactory.swift in Sources */,
				FAEAF23728E2151C0087C7B2 /* Worker.swift in Sources */,
				FAEAF23928E215270087C7B2 /* Car.swift in Sources */,
				FA84C13E28F95E7000ECF268 /* Director.swift in Sources */,
				FA84C14228F96BFC00ECF268 /* Administration.swift in Sources */,
				FA84C13C28F95E0D00ECF268 /* Accountant.swift in Sources */,
				FAEAF22028E209DE0087C7B2 /* SceneDelegate.swift in Sources */,
			);
			runOnlyForDeploymentPostprocessing = 0;
		};
/* End PBXSourcesBuildPhase section */

/* Begin PBXVariantGroup section */
		FAEAF22328E209DE0087C7B2 /* Main.storyboard */ = {
			isa = PBXVariantGroup;
			children = (
				FAEAF22428E209DE0087C7B2 /* Base */,
			);
			name = Main.storyboard;
			sourceTree = "<group>";
		};
		FAEAF22828E209E30087C7B2 /* LaunchScreen.storyboard */ = {
			isa = PBXVariantGroup;
			children = (
				FAEAF22928E209E30087C7B2 /* Base */,
			);
			name = LaunchScreen.storyboard;
			sourceTree = "<group>";
		};
/* End PBXVariantGroup section */

/* Begin XCBuildConfiguration section */
		FAEAF22C28E209E30087C7B2 /* Debug */ = {
			isa = XCBuildConfiguration;
			buildSettings = {
				ALWAYS_SEARCH_USER_PATHS = NO;
				CLANG_ANALYZER_NONNULL = YES;
				CLANG_ANALYZER_NUMBER_OBJECT_CONVERSION = YES_AGGRESSIVE;
				CLANG_CXX_LANGUAGE_STANDARD = "gnu++17";
				CLANG_ENABLE_MODULES = YES;
				CLANG_ENABLE_OBJC_ARC = YES;
				CLANG_ENABLE_OBJC_WEAK = YES;
				CLANG_WARN_BLOCK_CAPTURE_AUTORELEASING = YES;
				CLANG_WARN_BOOL_CONVERSION = YES;
				CLANG_WARN_COMMA = YES;
				CLANG_WARN_CONSTANT_CONVERSION = YES;
				CLANG_WARN_DEPRECATED_OBJC_IMPLEMENTATIONS = YES;
				CLANG_WARN_DIRECT_OBJC_ISA_USAGE = YES_ERROR;
				CLANG_WARN_DOCUMENTATION_COMMENTS = YES;
				CLANG_WARN_EMPTY_BODY = YES;
				CLANG_WARN_ENUM_CONVERSION = YES;
				CLANG_WARN_INFINITE_RECURSION = YES;
				CLANG_WARN_INT_CONVERSION = YES;
				CLANG_WARN_NON_LITERAL_NULL_CONVERSION = YES;
				CLANG_WARN_OBJC_IMPLICIT_RETAIN_SELF = YES;
				CLANG_WARN_OBJC_LITERAL_CONVERSION = YES;
				CLANG_WARN_OBJC_ROOT_CLASS = YES_ERROR;
				CLANG_WARN_QUOTED_INCLUDE_IN_FRAMEWORK_HEADER = YES;
				CLANG_WARN_RANGE_LOOP_ANALYSIS = YES;
				CLANG_WARN_STRICT_PROTOTYPES = YES;
				CLANG_WARN_SUSPICIOUS_MOVE = YES;
				CLANG_WARN_UNGUARDED_AVAILABILITY = YES_AGGRESSIVE;
				CLANG_WARN_UNREACHABLE_CODE = YES;
				CLANG_WARN__DUPLICATE_METHOD_MATCH = YES;
				COPY_PHASE_STRIP = NO;
				DEBUG_INFORMATION_FORMAT = dwarf;
				ENABLE_STRICT_OBJC_MSGSEND = YES;
				ENABLE_TESTABILITY = YES;
				GCC_C_LANGUAGE_STANDARD = gnu11;
				GCC_DYNAMIC_NO_PIC = NO;
				GCC_NO_COMMON_BLOCKS = YES;
				GCC_OPTIMIZATION_LEVEL = 0;
				GCC_PREPROCESSOR_DEFINITIONS = (
					"DEBUG=1",
					"$(inherited)",
				);
				GCC_WARN_64_TO_32_BIT_CONVERSION = YES;
				GCC_WARN_ABOUT_RETURN_TYPE = YES_ERROR;
				GCC_WARN_UNDECLARED_SELECTOR = YES;
				GCC_WARN_UNINITIALIZED_AUTOS = YES_AGGRESSIVE;
				GCC_WARN_UNUSED_FUNCTION = YES;
				GCC_WARN_UNUSED_VARIABLE = YES;
				IPHONEOS_DEPLOYMENT_TARGET = 15.4;
				MTL_ENABLE_DEBUG_INFO = INCLUDE_SOURCE;
				MTL_FAST_MATH = YES;
				ONLY_ACTIVE_ARCH = YES;
				SDKROOT = iphoneos;
				SWIFT_ACTIVE_COMPILATION_CONDITIONS = DEBUG;
				SWIFT_OPTIMIZATION_LEVEL = "-Onone";
			};
			name = Debug;
		};
		FAEAF22D28E209E30087C7B2 /* Release */ = {
			isa = XCBuildConfiguration;
			buildSettings = {
				ALWAYS_SEARCH_USER_PATHS = NO;
				CLANG_ANALYZER_NONNULL = YES;
				CLANG_ANALYZER_NUMBER_OBJECT_CONVERSION = YES_AGGRESSIVE;
				CLANG_CXX_LANGUAGE_STANDARD = "gnu++17";
				CLANG_ENABLE_MODULES = YES;
				CLANG_ENABLE_OBJC_ARC = YES;
				CLANG_ENABLE_OBJC_WEAK = YES;
				CLANG_WARN_BLOCK_CAPTURE_AUTORELEASING = YES;
				CLANG_WARN_BOOL_CONVERSION = YES;
				CLANG_WARN_COMMA = YES;
				CLANG_WARN_CONSTANT_CONVERSION = YES;
				CLANG_WARN_DEPRECATED_OBJC_IMPLEMENTATIONS = YES;
				CLANG_WARN_DIRECT_OBJC_ISA_USAGE = YES_ERROR;
				CLANG_WARN_DOCUMENTATION_COMMENTS = YES;
				CLANG_WARN_EMPTY_BODY = YES;
				CLANG_WARN_ENUM_CONVERSION = YES;
				CLANG_WARN_INFINITE_RECURSION = YES;
				CLANG_WARN_INT_CONVERSION = YES;
				CLANG_WARN_NON_LITERAL_NULL_CONVERSION = YES;
				CLANG_WARN_OBJC_IMPLICIT_RETAIN_SELF = YES;
				CLANG_WARN_OBJC_LITERAL_CONVERSION = YES;
				CLANG_WARN_OBJC_ROOT_CLASS = YES_ERROR;
				CLANG_WARN_QUOTED_INCLUDE_IN_FRAMEWORK_HEADER = YES;
				CLANG_WARN_RANGE_LOOP_ANALYSIS = YES;
				CLANG_WARN_STRICT_PROTOTYPES = YES;
				CLANG_WARN_SUSPICIOUS_MOVE = YES;
				CLANG_WARN_UNGUARDED_AVAILABILITY = YES_AGGRESSIVE;
				CLANG_WARN_UNREACHABLE_CODE = YES;
				CLANG_WARN__DUPLICATE_METHOD_MATCH = YES;
				COPY_PHASE_STRIP = NO;
				DEBUG_INFORMATION_FORMAT = "dwarf-with-dsym";
				ENABLE_NS_ASSERTIONS = NO;
				ENABLE_STRICT_OBJC_MSGSEND = YES;
				GCC_C_LANGUAGE_STANDARD = gnu11;
				GCC_NO_COMMON_BLOCKS = YES;
				GCC_WARN_64_TO_32_BIT_CONVERSION = YES;
				GCC_WARN_ABOUT_RETURN_TYPE = YES_ERROR;
				GCC_WARN_UNDECLARED_SELECTOR = YES;
				GCC_WARN_UNINITIALIZED_AUTOS = YES_AGGRESSIVE;
				GCC_WARN_UNUSED_FUNCTION = YES;
				GCC_WARN_UNUSED_VARIABLE = YES;
				IPHONEOS_DEPLOYMENT_TARGET = 15.4;
				MTL_ENABLE_DEBUG_INFO = NO;
				MTL_FAST_MATH = YES;
				SDKROOT = iphoneos;
				SWIFT_COMPILATION_MODE = wholemodule;
				SWIFT_OPTIMIZATION_LEVEL = "-O";
				VALIDATE_PRODUCT = YES;
			};
			name = Release;
		};
		FAEAF22F28E209E30087C7B2 /* Debug */ = {
			isa = XCBuildConfiguration;
			buildSettings = {
				ASSETCATALOG_COMPILER_APPICON_NAME = AppIcon;
				ASSETCATALOG_COMPILER_GLOBAL_ACCENT_COLOR_NAME = AccentColor;
				CODE_SIGN_STYLE = Automatic;
				CURRENT_PROJECT_VERSION = 1;
				DEVELOPMENT_TEAM = PFW47A2H9H;
				GENERATE_INFOPLIST_FILE = YES;
				INFOPLIST_FILE = CarWash/Info.plist;
				INFOPLIST_KEY_UIApplicationSupportsIndirectInputEvents = YES;
				INFOPLIST_KEY_UILaunchStoryboardName = LaunchScreen;
				INFOPLIST_KEY_UIMainStoryboardFile = Main;
				INFOPLIST_KEY_UISupportedInterfaceOrientations_iPad = "UIInterfaceOrientationPortrait UIInterfaceOrientationPortraitUpsideDown UIInterfaceOrientationLandscapeLeft UIInterfaceOrientationLandscapeRight";
				INFOPLIST_KEY_UISupportedInterfaceOrientations_iPhone = "UIInterfaceOrientationPortrait UIInterfaceOrientationLandscapeLeft UIInterfaceOrientationLandscapeRight";
				LD_RUNPATH_SEARCH_PATHS = (
					"$(inherited)",
					"@executable_path/Frameworks",
				);
				MARKETING_VERSION = 1.0;
				PRODUCT_BUNDLE_IDENTIFIER = vetaloff.CarWash;
				PRODUCT_NAME = "$(TARGET_NAME)";
				SWIFT_EMIT_LOC_STRINGS = YES;
				SWIFT_VERSION = 5.0;
				TARGETED_DEVICE_FAMILY = "1,2";
			};
			name = Debug;
		};
		FAEAF23028E209E30087C7B2 /* Release */ = {
			isa = XCBuildConfiguration;
			buildSettings = {
				ASSETCATALOG_COMPILER_APPICON_NAME = AppIcon;
				ASSETCATALOG_COMPILER_GLOBAL_ACCENT_COLOR_NAME = AccentColor;
				CODE_SIGN_STYLE = Automatic;
				CURRENT_PROJECT_VERSION = 1;
				DEVELOPMENT_TEAM = PFW47A2H9H;
				GENERATE_INFOPLIST_FILE = YES;
				INFOPLIST_FILE = CarWash/Info.plist;
				INFOPLIST_KEY_UIApplicationSupportsIndirectInputEvents = YES;
				INFOPLIST_KEY_UILaunchStoryboardName = LaunchScreen;
				INFOPLIST_KEY_UIMainStoryboardFile = Main;
				INFOPLIST_KEY_UISupportedInterfaceOrientations_iPad = "UIInterfaceOrientationPortrait UIInterfaceOrientationPortraitUpsideDown UIInterfaceOrientationLandscapeLeft UIInterfaceOrientationLandscapeRight";
				INFOPLIST_KEY_UISupportedInterfaceOrientations_iPhone = "UIInterfaceOrientationPortrait UIInterfaceOrientationLandscapeLeft UIInterfaceOrientationLandscapeRight";
				LD_RUNPATH_SEARCH_PATHS = (
					"$(inherited)",
					"@executable_path/Frameworks",
				);
				MARKETING_VERSION = 1.0;
				PRODUCT_BUNDLE_IDENTIFIER = vetaloff.CarWash;
				PRODUCT_NAME = "$(TARGET_NAME)";
				SWIFT_EMIT_LOC_STRINGS = YES;
				SWIFT_VERSION = 5.0;
				TARGETED_DEVICE_FAMILY = "1,2";
			};
			name = Release;
		};
/* End XCBuildConfiguration section */

/* Begin XCConfigurationList section */
		FAEAF21528E209DE0087C7B2 /* Build configuration list for PBXProject "CarWash" */ = {
			isa = XCConfigurationList;
			buildConfigurations = (
				FAEAF22C28E209E30087C7B2 /* Debug */,
				FAEAF22D28E209E30087C7B2 /* Release */,
			);
			defaultConfigurationIsVisible = 0;
			defaultConfigurationName = Release;
		};
		FAEAF22E28E209E30087C7B2 /* Build configuration list for PBXNativeTarget "CarWash" */ = {
			isa = XCConfigurationList;
			buildConfigurations = (
				FAEAF22F28E209E30087C7B2 /* Debug */,
				FAEAF23028E209E30087C7B2 /* Release */,
			);
			defaultConfigurationIsVisible = 0;
			defaultConfigurationName = Release;
		};
/* End XCConfigurationList section */
	};
	rootObject = FAEAF21228E209DE0087C7B2 /* Project object */;
}
